github.com/google/uuid v1.3.0 h1:t6JiXgmwXMjEs8VusXIJk2BXHsn+wx8BZdTaoZ5fu7I=
github.com/google/uuid v1.3.0/go.mod h1:TIyPZe4MgqvfeYDBFedMoGGpEw/LqOeaOT+nhxU+yHo=
github.com/google/uuid v1.6.0 h1:NIvaJDMOsjHA8n1jAhLSgzrAzy1Hgr+hNrb57e+94F0=
github.com/google/uuid v1.6.0/go.mod h1:TIyPZe4MgqvfeYDBFedMoGGpEw/LqOeaOT+nhxU+yHo=
github.com/kataras/golog v0.1.8 h1:isP8th4PJH2SrbkciKnylaND9xoTtfxv++NB+DF0l9g=
github.com/kataras/golog v0.1.8/go.mod h1:rGPAin4hYROfk1qT9wZP6VY2rsb4zzc37QpdPjdkqVw=
github.com/kataras/golog v0.1.11 h1:dGkcCVsIpqiAMWTlebn/ZULHxFvfG4K43LF1cNWSh20=
github.com/kataras/golog v0.1.11/go.mod h1:mAkt1vbPowFUuUGvexyQ5NFW6djEgGyxQBIARJ0AH4A=
github.com/kataras/pio v0.0.11 h1:kqreJ5KOEXGMwHAWHDwIl+mjfNCPhAwZPa8gK7MKlyw=
github.com/kataras/pio v0.0.11/go.mod h1:38hH6SWH6m4DKSYmRhlrCJ5WItwWgCVrTNU62XZyUvI=
github.com/kataras/pio v0.0.13 h1:x0rXVX0fviDTXOOLOmr4MUxOabu1InVSTu5itF8CXCM=
github.com/kataras/pio v0.0.13/go.mod h1:k3HNuSw+eJ8Pm2lA4lRhg3DiCjVgHlP8hmXApSej3oM=
golang.org/x/sys v0.0.0-20220919091848-fb04ddd9f9c8 h1:h+EGohizhe9XlX18rfpa8k8RAc5XyaeamM+0VHRd4lc=
golang.org/x/sys v0.0.0-20220919091848-fb04ddd9f9c8/go.mod h1:oPkhp1MJrh7nUepCBck5+mAzfO9JrbApNNgaTdGDITg=
golang.org/x/sys v0.19.0 h1:q5f1RH2jigJ1MoAWp2KTp3gm5zAGFUTarQZ5U386+4o=
golang.org/x/sys v0.19.0/go.mod h1:/VUhepiaJMQUp4+oa/7Zr1D23ma6VTLIYjOOTFZPUcA=
